
Microsoft Visual Studio Solution File, Format Version 12.00
# Visual Studio Version 17
VisualStudioVersion = 17.0.31912.275
MinimumVisualStudioVersion = 10.0.40219.1
Project("{2150E333-8FDC-42A3-9474-1A3956D46DE8}") = "src", "src", "{9F4C1C36-EDCE-4CAF-B9A2-BC34947D4E80}"
EndProject
Project("{2150E333-8FDC-42A3-9474-1A3956D46DE8}") = "tests", "tests", "{5F29DC02-1810-43AA-997C-E0C0ABB29233}"
EndProject
Project("{9A19103F-16F7-4668-BE54-9A1E7A4F7556}") = "FC.Codeflix.Catalog.UnitTests", "tests\FC.Codeflix.Catalog.UnitTests\FC.Codeflix.Catalog.UnitTests.csproj", "{6242EA34-E4B3-473B-9951-B9FAB7A96EF4}"
EndProject
Project("{9A19103F-16F7-4668-BE54-9A1E7A4F7556}") = "FC.Codeflix.Catalog.Domain", "src\FC.Codeflix.Catalog.Domain\FC.Codeflix.Catalog.Domain.csproj", "{DDC9F223-88DA-42F5-8E2F-6CC23A114DFC}"
EndProject
Project("{9A19103F-16F7-4668-BE54-9A1E7A4F7556}") = "FC.Codeflix.Catalog.Application", "src\FC.Codeflix.Catalog.Application\FC.Codeflix.Catalog.Application.csproj", "{600185E6-FFCF-4AC9-80A4-2F50BCBB020E}"
EndProject
Project("{9A19103F-16F7-4668-BE54-9A1E7A4F7556}") = "FC.Codeflix.catalog.Api", "src\FC.Codeflix.catalog.Api\FC.Codeflix.catalog.Api.csproj", "{D251769E-FCF3-4C21-88D2-EE0F8D97DD21}"
EndProject
Project("{9A19103F-16F7-4668-BE54-9A1E7A4F7556}") = "FC.Codeflix.Catalog.IntegrationTests", "tests\FC.Codeflix.Catalog.IntegrationTests\FC.Codeflix.Catalog.IntegrationTests.csproj", "{942D12CE-D6D0-4680-8DBE-51A41F43A17F}"
EndProject
Project("{9A19103F-16F7-4668-BE54-9A1E7A4F7556}") = "FC.Codeflix.Catalog.EndToEndTests", "tests\FC.Codeflix.Catalog.EndToEndTests\FC.Codeflix.Catalog.EndToEndTests.csproj", "{6BC288DC-57BD-4E58-8148-A14CF350CF19}"
EndProject
Project("{9A19103F-16F7-4668-BE54-9A1E7A4F7556}") = "FC.Codeflix.Catalog.Infra.Data.EF", "src\FC.Codeflix.Catalog.Infra.Data.EF\FC.Codeflix.Catalog.Infra.Data.EF.csproj", "{2A7F5ECE-E1C2-42DD-ACAC-DB35B39A7AEE}"
EndProject
Global
	GlobalSection(SolutionConfigurationPlatforms) = preSolution
		Debug|Any CPU = Debug|Any CPU
		Release|Any CPU = Release|Any CPU
	EndGlobalSection
	GlobalSection(ProjectConfigurationPlatforms) = postSolution
		{6242EA34-E4B3-473B-9951-B9FAB7A96EF4}.Debug|Any CPU.ActiveCfg = Debug|Any CPU
		{6242EA34-E4B3-473B-9951-B9FAB7A96EF4}.Debug|Any CPU.Build.0 = Debug|Any CPU
		{6242EA34-E4B3-473B-9951-B9FAB7A96EF4}.Release|Any CPU.ActiveCfg = Release|Any CPU
		{6242EA34-E4B3-473B-9951-B9FAB7A96EF4}.Release|Any CPU.Build.0 = Release|Any CPU
		{DDC9F223-88DA-42F5-8E2F-6CC23A114DFC}.Debug|Any CPU.ActiveCfg = Debug|Any CPU
		{DDC9F223-88DA-42F5-8E2F-6CC23A114DFC}.Debug|Any CPU.Build.0 = Debug|Any CPU
		{DDC9F223-88DA-42F5-8E2F-6CC23A114DFC}.Release|Any CPU.ActiveCfg = Release|Any CPU
		{DDC9F223-88DA-42F5-8E2F-6CC23A114DFC}.Release|Any CPU.Build.0 = Release|Any CPU
		{600185E6-FFCF-4AC9-80A4-2F50BCBB020E}.Debug|Any CPU.ActiveCfg = Debug|Any CPU
		{600185E6-FFCF-4AC9-80A4-2F50BCBB020E}.Debug|Any CPU.Build.0 = Debug|Any CPU
		{600185E6-FFCF-4AC9-80A4-2F50BCBB020E}.Release|Any CPU.ActiveCfg = Release|Any CPU
		{600185E6-FFCF-4AC9-80A4-2F50BCBB020E}.Release|Any CPU.Build.0 = Release|Any CPU
		{D251769E-FCF3-4C21-88D2-EE0F8D97DD21}.Debug|Any CPU.ActiveCfg = Debug|Any CPU
		{D251769E-FCF3-4C21-88D2-EE0F8D97DD21}.Debug|Any CPU.Build.0 = Debug|Any CPU
		{D251769E-FCF3-4C21-88D2-EE0F8D97DD21}.Release|Any CPU.ActiveCfg = Release|Any CPU
		{D251769E-FCF3-4C21-88D2-EE0F8D97DD21}.Release|Any CPU.Build.0 = Release|Any CPU
		{942D12CE-D6D0-4680-8DBE-51A41F43A17F}.Debug|Any CPU.ActiveCfg = Debug|Any CPU
		{942D12CE-D6D0-4680-8DBE-51A41F43A17F}.Debug|Any CPU.Build.0 = Debug|Any CPU
		{942D12CE-D6D0-4680-8DBE-51A41F43A17F}.Release|Any CPU.ActiveCfg = Release|Any CPU
		{942D12CE-D6D0-4680-8DBE-51A41F43A17F}.Release|Any CPU.Build.0 = Release|Any CPU
		{6BC288DC-57BD-4E58-8148-A14CF350CF19}.Debug|Any CPU.ActiveCfg = Debug|Any CPU
		{6BC288DC-57BD-4E58-8148-A14CF350CF19}.Debug|Any CPU.Build.0 = Debug|Any CPU
		{6BC288DC-57BD-4E58-8148-A14CF350CF19}.Release|Any CPU.ActiveCfg = Release|Any CPU
		{6BC288DC-57BD-4E58-8148-A14CF350CF19}.Release|Any CPU.Build.0 = Release|Any CPU
		{2A7F5ECE-E1C2-42DD-ACAC-DB35B39A7AEE}.Debug|Any CPU.ActiveCfg = Debug|Any CPU
		{2A7F5ECE-E1C2-42DD-ACAC-DB35B39A7AEE}.Debug|Any CPU.Build.0 = Debug|Any CPU
		{2A7F5ECE-E1C2-42DD-ACAC-DB35B39A7AEE}.Release|Any CPU.ActiveCfg = Release|Any CPU
		{2A7F5ECE-E1C2-42DD-ACAC-DB35B39A7AEE}.Release|Any CPU.Build.0 = Release|Any CPU
	EndGlobalSection
	GlobalSection(SolutionProperties) = preSolution
		HideSolutionNode = FALSE
	EndGlobalSection
	GlobalSection(NestedProjects) = preSolution
		{6242EA34-E4B3-473B-9951-B9FAB7A96EF4} = {5F29DC02-1810-43AA-997C-E0C0ABB29233}
		{DDC9F223-88DA-42F5-8E2F-6CC23A114DFC} = {9F4C1C36-EDCE-4CAF-B9A2-BC34947D4E80}
		{600185E6-FFCF-4AC9-80A4-2F50BCBB020E} = {9F4C1C36-EDCE-4CAF-B9A2-BC34947D4E80}
		{D251769E-FCF3-4C21-88D2-EE0F8D97DD21} = {9F4C1C36-EDCE-4CAF-B9A2-BC34947D4E80}
		{942D12CE-D6D0-4680-8DBE-51A41F43A17F} = {5F29DC02-1810-43AA-997C-E0C0ABB29233}
		{6BC288DC-57BD-4E58-8148-A14CF350CF19} = {5F29DC02-1810-43AA-997C-E0C0ABB29233}
		{2A7F5ECE-E1C2-42DD-ACAC-DB35B39A7AEE} = {9F4C1C36-EDCE-4CAF-B9A2-BC34947D4E80}
	EndGlobalSection
	GlobalSection(ExtensibilityGlobals) = postSolution
		SolutionGuid = {6B8ED29D-FB30-4B6E-A473-165A9DA257D1}
	EndGlobalSection
EndGlobal
